
Microsoft Visual Studio Solution File, Format Version 12.00
# Visual Studio Version 16
VisualStudioVersion = 16.0.32106.194
MinimumVisualStudioVersion = 10.0.40219.1
Project("{FAE04EC0-301F-11D3-BF4B-00C04F79EFBC}") = "Game.UWP", "Game\Game.UWP\Game.UWP.csproj", "{C5763EB8-9E1E-472C-BC25-E8BF4D62629D}"
EndProject
Project("{FAE04EC0-301F-11D3-BF4B-00C04F79EFBC}") = "Game.Android", "Game\Game.Android\Game.Android.csproj", "{7562B2C0-D139-4CF4-8518-276703054159}"
EndProject
Project("{FAE04EC0-301F-11D3-BF4B-00C04F79EFBC}") = "Game.iOS", "Game\Game.iOS\Game.iOS.csproj", "{C90138A4-6843-428E-82CA-269B76F25634}"
EndProject
Project("{FAE04EC0-301F-11D3-BF4B-00C04F79EFBC}") = "Game", "Game\Game\Game.csproj", "{B7C9E65D-97F0-492A-BD7F-A4BAAE5E04C8}"
EndProject
Global
	GlobalSection(SolutionConfigurationPlatforms) = preSolution
		Debug|Any CPU = Debug|Any CPU
		Debug|ARM = Debug|ARM
		Debug|iPhone = Debug|iPhone
		Debug|iPhoneSimulator = Debug|iPhoneSimulator
		Debug|x64 = Debug|x64
		Debug|x86 = Debug|x86
		Release|Any CPU = Release|Any CPU
		Release|ARM = Release|ARM
		Release|iPhone = Release|iPhone
		Release|iPhoneSimulator = Release|iPhoneSimulator
		Release|x64 = Release|x64
		Release|x86 = Release|x86
	EndGlobalSection
	GlobalSection(ProjectConfigurationPlatforms) = postSolution
		{C5763EB8-9E1E-472C-BC25-E8BF4D62629D}.Debug|Any CPU.ActiveCfg = Debug|x86
		{C5763EB8-9E1E-472C-BC25-E8BF4D62629D}.Debug|Any CPU.Build.0 = Debug|x86
		{C5763EB8-9E1E-472C-BC25-E8BF4D62629D}.Debug|Any CPU.Deploy.0 = Debug|x86
		{C5763EB8-9E1E-472C-BC25-E8BF4D62629D}.Debug|ARM.ActiveCfg = Debug|ARM
		{C5763EB8-9E1E-472C-BC25-E8BF4D62629D}.Debug|ARM.Build.0 = Debug|ARM
		{C5763EB8-9E1E-472C-BC25-E8BF4D62629D}.Debug|ARM.Deploy.0 = Debug|ARM
		{C5763EB8-9E1E-472C-BC25-E8BF4D62629D}.Debug|iPhone.ActiveCfg = Debug|x86
		{C5763EB8-9E1E-472C-BC25-E8BF4D62629D}.Debug|iPhone.Build.0 = Debug|x86
		{C5763EB8-9E1E-472C-BC25-E8BF4D62629D}.Debug|iPhone.Deploy.0 = Debug|x86
		{C5763EB8-9E1E-472C-BC25-E8BF4D62629D}.Debug|iPhoneSimulator.ActiveCfg = Debug|x86
		{C5763EB8-9E1E-472C-BC25-E8BF4D62629D}.Debug|iPhoneSimulator.Build.0 = Debug|x86
		{C5763EB8-9E1E-472C-BC25-E8BF4D62629D}.Debug|iPhoneSimulator.Deploy.0 = Debug|x86
		{C5763EB8-9E1E-472C-BC25-E8BF4D62629D}.Debug|x64.ActiveCfg = Debug|x64
		{C5763EB8-9E1E-472C-BC25-E8BF4D62629D}.Debug|x64.Build.0 = Debug|x64
		{C5763EB8-9E1E-472C-BC25-E8BF4D62629D}.Debug|x64.Deploy.0 = Debug|x64
		{C5763EB8-9E1E-472C-BC25-E8BF4D62629D}.Debug|x86.ActiveCfg = Debug|x86
		{C5763EB8-9E1E-472C-BC25-E8BF4D62629D}.Debug|x86.Build.0 = Debug|x86
		{C5763EB8-9E1E-472C-BC25-E8BF4D62629D}.Debug|x86.Deploy.0 = Debug|x86
		{C5763EB8-9E1E-472C-BC25-E8BF4D62629D}.Release|Any CPU.ActiveCfg = Release|x86
		{C5763EB8-9E1E-472C-BC25-E8BF4D62629D}.Release|Any CPU.Build.0 = Release|x86
		{C5763EB8-9E1E-472C-BC25-E8BF4D62629D}.Release|Any CPU.Deploy.0 = Release|x86
		{C5763EB8-9E1E-472C-BC25-E8BF4D62629D}.Release|ARM.ActiveCfg = Release|ARM
		{C5763EB8-9E1E-472C-BC25-E8BF4D62629D}.Release|ARM.Build.0 = Release|ARM
		{C5763EB8-9E1E-472C-BC25-E8BF4D62629D}.Release|ARM.Deploy.0 = Release|ARM
		{C5763EB8-9E1E-472C-BC25-E8BF4D62629D}.Release|iPhone.ActiveCfg = Release|x86
		{C5763EB8-9E1E-472C-BC25-E8BF4D62629D}.Release|iPhone.Build.0 = Release|x86
		{C5763EB8-9E1E-472C-BC25-E8BF4D62629D}.Release|iPhone.Deploy.0 = Release|x86
		{C5763EB8-9E1E-472C-BC25-E8BF4D62629D}.Release|iPhoneSimulator.ActiveCfg = Release|x86
		{C5763EB8-9E1E-472C-BC25-E8BF4D62629D}.Release|iPhoneSimulator.Build.0 = Release|x86
		{C5763EB8-9E1E-472C-BC25-E8BF4D62629D}.Release|iPhoneSimulator.Deploy.0 = Release|x86
		{C5763EB8-9E1E-472C-BC25-E8BF4D62629D}.Release|x64.ActiveCfg = Release|x64
		{C5763EB8-9E1E-472C-BC25-E8BF4D62629D}.Release|x64.Build.0 = Release|x64
		{C5763EB8-9E1E-472C-BC25-E8BF4D62629D}.Release|x64.Deploy.0 = Release|x64
		{C5763EB8-9E1E-472C-BC25-E8BF4D62629D}.Release|x86.ActiveCfg = Release|x86
		{C5763EB8-9E1E-472C-BC25-E8BF4D62629D}.Release|x86.Build.0 = Release|x86
		{C5763EB8-9E1E-472C-BC25-E8BF4D62629D}.Release|x86.Deploy.0 = Release|x86
		{7562B2C0-D139-4CF4-8518-276703054159}.Debug|Any CPU.ActiveCfg = Debug|Any CPU
		{7562B2C0-D139-4CF4-8518-276703054159}.Debug|Any CPU.Build.0 = Debug|Any CPU
		{7562B2C0-D139-4CF4-8518-276703054159}.Debug|Any CPU.Deploy.0 = Debug|Any CPU
		{7562B2C0-D139-4CF4-8518-276703054159}.Debug|ARM.ActiveCfg = Debug|Any CPU
		{7562B2C0-D139-4CF4-8518-276703054159}.Debug|ARM.Build.0 = Debug|Any CPU
		{7562B2C0-D139-4CF4-8518-276703054159}.Debug|ARM.Deploy.0 = Debug|Any CPU
		{7562B2C0-D139-4CF4-8518-276703054159}.Debug|iPhone.ActiveCfg = Debug|Any CPU
		{7562B2C0-D139-4CF4-8518-276703054159}.Debug|iPhone.Build.0 = Debug|Any CPU
		{7562B2C0-D139-4CF4-8518-276703054159}.Debug|iPhone.Deploy.0 = Debug|Any CPU
		{7562B2C0-D139-4CF4-8518-276703054159}.Debug|iPhoneSimulator.ActiveCfg = Debug|Any CPU
		{7562B2C0-D139-4CF4-8518-276703054159}.Debug|iPhoneSimulator.Build.0 = Debug|Any CPU
		{7562B2C0-D139-4CF4-8518-276703054159}.Debug|iPhoneSimulator.Deploy.0 = Debug|Any CPU
		{7562B2C0-D139-4CF4-8518-276703054159}.Debug|x64.ActiveCfg = Debug|Any CPU
		{7562B2C0-D139-4CF4-8518-276703054159}.Debug|x64.Build.0 = Debug|Any CPU
		{7562B2C0-D139-4CF4-8518-276703054159}.Debug|x64.Deploy.0 = Debug|Any CPU
		{7562B2C0-D139-4CF4-8518-276703054159}.Debug|x86.ActiveCfg = Debug|Any CPU
		{7562B2C0-D139-4CF4-8518-276703054159}.Debug|x86.Build.0 = Debug|Any CPU
		{7562B2C0-D139-4CF4-8518-276703054159}.Debug|x86.Deploy.0 = Debug|Any CPU
		{7562B2C0-D139-4CF4-8518-276703054159}.Release|Any CPU.ActiveCfg = Release|Any CPU
		{7562B2C0-D139-4CF4-8518-276703054159}.Release|Any CPU.Build.0 = Release|Any CPU
		{7562B2C0-D139-4CF4-8518-276703054159}.Release|Any CPU.Deploy.0 = Release|Any CPU
		{7562B2C0-D139-4CF4-8518-276703054159}.Release|ARM.ActiveCfg = Release|Any CPU
		{7562B2C0-D139-4CF4-8518-276703054159}.Release|ARM.Build.0 = Release|Any CPU
		{7562B2C0-D139-4CF4-8518-276703054159}.Release|ARM.Deploy.0 = Release|Any CPU
		{7562B2C0-D139-4CF4-8518-276703054159}.Release|iPhone.ActiveCfg = Release|Any CPU
		{7562B2C0-D139-4CF4-8518-276703054159}.Release|iPhone.Build.0 = Release|Any CPU
		{7562B2C0-D139-4CF4-8518-276703054159}.Release|iPhone.Deploy.0 = Release|Any CPU
		{7562B2C0-D139-4CF4-8518-276703054159}.Release|iPhoneSimulator.ActiveCfg = Release|Any CPU
		{7562B2C0-D139-4CF4-8518-276703054159}.Release|iPhoneSimulator.Build.0 = Release|Any CPU
		{7562B2C0-D139-4CF4-8518-276703054159}.Release|iPhoneSimulator.Deploy.0 = Release|Any CPU
		{7562B2C0-D139-4CF4-8518-276703054159}.Release|x64.ActiveCfg = Release|Any CPU
		{7562B2C0-D139-4CF4-8518-276703054159}.Release|x64.Build.0 = Release|Any CPU
		{7562B2C0-D139-4CF4-8518-276703054159}.Release|x64.Deploy.0 = Release|Any CPU
		{7562B2C0-D139-4CF4-8518-276703054159}.Release|x86.ActiveCfg = Release|Any CPU
		{7562B2C0-D139-4CF4-8518-276703054159}.Release|x86.Build.0 = Release|Any CPU
		{7562B2C0-D139-4CF4-8518-276703054159}.Release|x86.Deploy.0 = Release|Any CPU
		{C90138A4-6843-428E-82CA-269B76F25634}.Debug|Any CPU.ActiveCfg = Debug|iPhoneSimulator
		{C90138A4-6843-428E-82CA-269B76F25634}.Debug|Any CPU.Build.0 = Debug|iPhoneSimulator
		{C90138A4-6843-428E-82CA-269B76F25634}.Debug|Any CPU.Deploy.0 = Debug|iPhoneSimulator
		{C90138A4-6843-428E-82CA-269B76F25634}.Debug|ARM.ActiveCfg = Debug|iPhone
		{C90138A4-6843-428E-82CA-269B76F25634}.Debug|ARM.Build.0 = Debug|iPhone
		{C90138A4-6843-428E-82CA-269B76F25634}.Debug|ARM.Deploy.0 = Debug|iPhone
		{C90138A4-6843-428E-82CA-269B76F25634}.Debug|iPhone.ActiveCfg = Debug|iPhone
		{C90138A4-6843-428E-82CA-269B76F25634}.Debug|iPhone.Build.0 = Debug|iPhone
		{C90138A4-6843-428E-82CA-269B76F25634}.Debug|iPhone.Deploy.0 = Debug|iPhone
		{C90138A4-6843-428E-82CA-269B76F25634}.Debug|iPhoneSimulator.ActiveCfg = Debug|iPhoneSimulator
		{C90138A4-6843-428E-82CA-269B76F25634}.Debug|iPhoneSimulator.Build.0 = Debug|iPhoneSimulator
		{C90138A4-6843-428E-82CA-269B76F25634}.Debug|iPhoneSimulator.Deploy.0 = Debug|iPhoneSimulator
		{C90138A4-6843-428E-82CA-269B76F25634}.Debug|x64.ActiveCfg = Debug|iPhoneSimulator
		{C90138A4-6843-428E-82CA-269B76F25634}.Debug|x64.Build.0 = Debug|iPhoneSimulator
		{C90138A4-6843-428E-82CA-269B76F25634}.Debug|x64.Deploy.0 = Debug|iPhoneSimulator
		{C90138A4-6843-428E-82CA-269B76F25634}.Debug|x86.ActiveCfg = Debug|iPhoneSimulator
		{C90138A4-6843-428E-82CA-269B76F25634}.Debug|x86.Build.0 = Debug|iPhoneSimulator
		{C90138A4-6843-428E-82CA-269B76F25634}.Debug|x86.Deploy.0 = Debug|iPhoneSimulator
		{C90138A4-6843-428E-82CA-269B76F25634}.Release|Any CPU.ActiveCfg = Release|iPhoneSimulator
		{C90138A4-6843-428E-82CA-269B76F25634}.Release|Any CPU.Build.0 = Release|iPhoneSimulator
		{C90138A4-6843-428E-82CA-269B76F25634}.Release|Any CPU.Deploy.0 = Release|iPhoneSimulator
		{C90138A4-6843-428E-82CA-269B76F25634}.Release|ARM.ActiveCfg = Release|iPhoneSimulator
		{C90138A4-6843-428E-82CA-269B76F25634}.Release|ARM.Build.0 = Release|iPhoneSimulator
		{C90138A4-6843-428E-82CA-269B76F25634}.Release|ARM.Deploy.0 = Release|iPhoneSimulator
		{C90138A4-6843-428E-82CA-269B76F25634}.Release|iPhone.ActiveCfg = Release|iPhone
		{C90138A4-6843-428E-82CA-269B76F25634}.Release|iPhone.Build.0 = Release|iPhone
		{C90138A4-6843-428E-82CA-269B76F25634}.Release|iPhone.Deploy.0 = Release|iPhone
		{C90138A4-6843-428E-82CA-269B76F25634}.Release|iPhoneSimulator.ActiveCfg = Release|iPhoneSimulator
		{C90138A4-6843-428E-82CA-269B76F25634}.Release|iPhoneSimulator.Build.0 = Release|iPhoneSimulator
		{C90138A4-6843-428E-82CA-269B76F25634}.Release|iPhoneSimulator.Deploy.0 = Release|iPhoneSimulator
		{C90138A4-6843-428E-82CA-269B76F25634}.Release|x64.ActiveCfg = Release|iPhoneSimulator
		{C90138A4-6843-428E-82CA-269B76F25634}.Release|x64.Build.0 = Release|iPhoneSimulator
		{C90138A4-6843-428E-82CA-269B76F25634}.Release|x64.Deploy.0 = Release|iPhoneSimulator
		{C90138A4-6843-428E-82CA-269B76F25634}.Release|x86.ActiveCfg = Release|iPhoneSimulator
		{C90138A4-6843-428E-82CA-269B76F25634}.Release|x86.Build.0 = Release|iPhoneSimulator
		{C90138A4-6843-428E-82CA-269B76F25634}.Release|x86.Deploy.0 = Release|iPhoneSimulator
		{B7C9E65D-97F0-492A-BD7F-A4BAAE5E04C8}.Debug|Any CPU.ActiveCfg = Debug|Any CPU
		{B7C9E65D-97F0-492A-BD7F-A4BAAE5E04C8}.Debug|Any CPU.Build.0 = Debug|Any CPU
		{B7C9E65D-97F0-492A-BD7F-A4BAAE5E04C8}.Debug|Any CPU.Deploy.0 = Debug|Any CPU
		{B7C9E65D-97F0-492A-BD7F-A4BAAE5E04C8}.Debug|ARM.ActiveCfg = Debug|Any CPU
		{B7C9E65D-97F0-492A-BD7F-A4BAAE5E04C8}.Debug|ARM.Build.0 = Debug|Any CPU
		{B7C9E65D-97F0-492A-BD7F-A4BAAE5E04C8}.Debug|ARM.Deploy.0 = Debug|Any CPU
		{B7C9E65D-97F0-492A-BD7F-A4BAAE5E04C8}.Debug|iPhone.ActiveCfg = Debug|Any CPU
		{B7C9E65D-97F0-492A-BD7F-A4BAAE5E04C8}.Debug|iPhone.Build.0 = Debug|Any CPU
		{B7C9E65D-97F0-492A-BD7F-A4BAAE5E04C8}.Debug|iPhone.Deploy.0 = Debug|Any CPU
		{B7C9E65D-97F0-492A-BD7F-A4BAAE5E04C8}.Debug|iPhoneSimulator.ActiveCfg = Debug|Any CPU
		{B7C9E65D-97F0-492A-BD7F-A4BAAE5E04C8}.Debug|iPhoneSimulator.Build.0 = Debug|Any CPU
		{B7C9E65D-97F0-492A-BD7F-A4BAAE5E04C8}.Debug|iPhoneSimulator.Deploy.0 = Debug|Any CPU
		{B7C9E65D-97F0-492A-BD7F-A4BAAE5E04C8}.Debug|x64.ActiveCfg = Debug|Any CPU
		{B7C9E65D-97F0-492A-BD7F-A4BAAE5E04C8}.Debug|x64.Build.0 = Debug|Any CPU
		{B7C9E65D-97F0-492A-BD7F-A4BAAE5E04C8}.Debug|x64.Deploy.0 = Debug|Any CPU
		{B7C9E65D-97F0-492A-BD7F-A4BAAE5E04C8}.Debug|x86.ActiveCfg = Debug|Any CPU
		{B7C9E65D-97F0-492A-BD7F-A4BAAE5E04C8}.Debug|x86.Build.0 = Debug|Any CPU
		{B7C9E65D-97F0-492A-BD7F-A4BAAE5E04C8}.Debug|x86.Deploy.0 = Debug|Any CPU
		{B7C9E65D-97F0-492A-BD7F-A4BAAE5E04C8}.Release|Any CPU.ActiveCfg = Release|Any CPU
		{B7C9E65D-97F0-492A-BD7F-A4BAAE5E04C8}.Release|Any CPU.Build.0 = Release|Any CPU
		{B7C9E65D-97F0-492A-BD7F-A4BAAE5E04C8}.Release|Any CPU.Deploy.0 = Release|Any CPU
		{B7C9E65D-97F0-492A-BD7F-A4BAAE5E04C8}.Release|ARM.ActiveCfg = Release|Any CPU
		{B7C9E65D-97F0-492A-BD7F-A4BAAE5E04C8}.Release|ARM.Build.0 = Release|Any CPU
		{B7C9E65D-97F0-492A-BD7F-A4BAAE5E04C8}.Release|ARM.Deploy.0 = Release|Any CPU
		{B7C9E65D-97F0-492A-BD7F-A4BAAE5E04C8}.Release|iPhone.ActiveCfg = Release|Any CPU
		{B7C9E65D-97F0-492A-BD7F-A4BAAE5E04C8}.Release|iPhone.Build.0 = Release|Any CPU
		{B7C9E65D-97F0-492A-BD7F-A4BAAE5E04C8}.Release|iPhone.Deploy.0 = Release|Any CPU
		{B7C9E65D-97F0-492A-BD7F-A4BAAE5E04C8}.Release|iPhoneSimulator.ActiveCfg = Release|Any CPU
		{B7C9E65D-97F0-492A-BD7F-A4BAAE5E04C8}.Release|iPhoneSimulator.Build.0 = Release|Any CPU
		{B7C9E65D-97F0-492A-BD7F-A4BAAE5E04C8}.Release|iPhoneSimulator.Deploy.0 = Release|Any CPU
		{B7C9E65D-97F0-492A-BD7F-A4BAAE5E04C8}.Release|x64.ActiveCfg = Release|Any CPU
		{B7C9E65D-97F0-492A-BD7F-A4BAAE5E04C8}.Release|x64.Build.0 = Release|Any CPU
		{B7C9E65D-97F0-492A-BD7F-A4BAAE5E04C8}.Release|x64.Deploy.0 = Release|Any CPU
		{B7C9E65D-97F0-492A-BD7F-A4BAAE5E04C8}.Release|x86.ActiveCfg = Release|Any CPU
		{B7C9E65D-97F0-492A-BD7F-A4BAAE5E04C8}.Release|x86.Build.0 = Release|Any CPU
		{B7C9E65D-97F0-492A-BD7F-A4BAAE5E04C8}.Release|x86.Deploy.0 = Release|Any CPU
	EndGlobalSection
	GlobalSection(SolutionProperties) = preSolution
		HideSolutionNode = FALSE
	EndGlobalSection
	GlobalSection(ExtensibilityGlobals) = postSolution
		SolutionGuid = {CB3F066B-1EB6-492D-BA4B-BCE51F5B0D95}
	EndGlobalSection
EndGlobal
